
Microsoft Visual Studio Solution File, Format Version 12.00
# Visual Studio 15
VisualStudioVersion = 15.0.28307.1585
MinimumVisualStudioVersion = 10.0.40219.1
Project("{FAE04EC0-301F-11D3-BF4B-00C04F79EFBC}") = "OCP_Odev3", "OCP_Odev3\OCP_Odev3.csproj", "{4EDF0C76-AE66-409C-AB76-3D63221020B8}"
EndProject
Global
	GlobalSection(SolutionConfigurationPlatforms) = preSolution
		Debug|Any CPU = Debug|Any CPU
		Release|Any CPU = Release|Any CPU
	EndGlobalSection
	GlobalSection(ProjectConfigurationPlatforms) = postSolution
		{4EDF0C76-AE66-409C-AB76-3D63221020B8}.Debug|Any CPU.ActiveCfg = Debug|Any CPU
		{4EDF0C76-AE66-409C-AB76-3D63221020B8}.Debug|Any CPU.Build.0 = Debug|Any CPU
		{4EDF0C76-AE66-409C-AB76-3D63221020B8}.Release|Any CPU.ActiveCfg = Release|Any CPU
		{4EDF0C76-AE66-409C-AB76-3D63221020B8}.Release|Any CPU.Build.0 = Release|Any CPU
	EndGlobalSection
	GlobalSection(SolutionProperties) = preSolution
		HideSolutionNode = FALSE
	EndGlobalSection
	GlobalSection(ExtensibilityGlobals) = postSolution
		SolutionGuid = {3CD590DE-C79D-43E2-8609-64E33ABDC875}
	EndGlobalSection
EndGlobal
